
Microsoft Visual Studio Solution File, Format Version 12.00
# Visual Studio Version 17
VisualStudioVersion = 17.3.32804.467
MinimumVisualStudioVersion = 10.0.40219.1
Project("{FAE04EC0-301F-11D3-BF4B-00C04F79EFBC}") = "Estoque.Domain", "Estoque.Domain\Estoque.Domain.csproj", "{BDD9840A-0DB3-4A45-B6B6-8663FE03652A}"
EndProject
Project("{FAE04EC0-301F-11D3-BF4B-00C04F79EFBC}") = "Estoque.Infra.Data", "Estoque.Infra.Data\Estoque.Infra.Data.csproj", "{9DA55931-E793-41E4-B2D6-6FEC6C1AD07D}"
EndProject
Project("{FAE04EC0-301F-11D3-BF4B-00C04F79EFBC}") = "Estoque.Api", "Estoque.Api\Estoque.Api.csproj", "{70C57075-3A7D-4F43-AB64-C6335EDA2664}"
EndProject
Global
	GlobalSection(SolutionConfigurationPlatforms) = preSolution
		Debug|Any CPU = Debug|Any CPU
		Release|Any CPU = Release|Any CPU
	EndGlobalSection
	GlobalSection(ProjectConfigurationPlatforms) = postSolution
		{BDD9840A-0DB3-4A45-B6B6-8663FE03652A}.Debug|Any CPU.ActiveCfg = Debug|Any CPU
		{BDD9840A-0DB3-4A45-B6B6-8663FE03652A}.Debug|Any CPU.Build.0 = Debug|Any CPU
		{BDD9840A-0DB3-4A45-B6B6-8663FE03652A}.Release|Any CPU.ActiveCfg = Release|Any CPU
		{BDD9840A-0DB3-4A45-B6B6-8663FE03652A}.Release|Any CPU.Build.0 = Release|Any CPU
		{9DA55931-E793-41E4-B2D6-6FEC6C1AD07D}.Debug|Any CPU.ActiveCfg = Debug|Any CPU
		{9DA55931-E793-41E4-B2D6-6FEC6C1AD07D}.Debug|Any CPU.Build.0 = Debug|Any CPU
		{9DA55931-E793-41E4-B2D6-6FEC6C1AD07D}.Release|Any CPU.ActiveCfg = Release|Any CPU
		{9DA55931-E793-41E4-B2D6-6FEC6C1AD07D}.Release|Any CPU.Build.0 = Release|Any CPU
		{70C57075-3A7D-4F43-AB64-C6335EDA2664}.Debug|Any CPU.ActiveCfg = Debug|Any CPU
		{70C57075-3A7D-4F43-AB64-C6335EDA2664}.Debug|Any CPU.Build.0 = Debug|Any CPU
		{70C57075-3A7D-4F43-AB64-C6335EDA2664}.Release|Any CPU.ActiveCfg = Release|Any CPU
		{70C57075-3A7D-4F43-AB64-C6335EDA2664}.Release|Any CPU.Build.0 = Release|Any CPU
	EndGlobalSection
	GlobalSection(SolutionProperties) = preSolution
		HideSolutionNode = FALSE
	EndGlobalSection
	GlobalSection(ExtensibilityGlobals) = postSolution
		SolutionGuid = {BBDCBDDD-074D-477D-902F-54AE61315EFE}
	EndGlobalSection
EndGlobal
